
Microsoft Visual Studio Solution File, Format Version 12.00
# Visual Studio 15
VisualStudioVersion = 15.0.28307.1267
MinimumVisualStudioVersion = 10.0.40219.1
Project("{FAE04EC0-301F-11D3-BF4B-00C04F79EFBC}") = "OnlineShop", "OnlineShop\OnlineShop.csproj", "{51334B51-3DB4-4FCB-95AE-02D19F512D61}"
EndProject
Global
	GlobalSection(SolutionConfigurationPlatforms) = preSolution
		Debug|Any CPU = Debug|Any CPU
		Release|Any CPU = Release|Any CPU
	EndGlobalSection
	GlobalSection(ProjectConfigurationPlatforms) = postSolution
		{51334B51-3DB4-4FCB-95AE-02D19F512D61}.Debug|Any CPU.ActiveCfg = Debug|Any CPU
		{51334B51-3DB4-4FCB-95AE-02D19F512D61}.Debug|Any CPU.Build.0 = Debug|Any CPU
		{51334B51-3DB4-4FCB-95AE-02D19F512D61}.Release|Any CPU.ActiveCfg = Release|Any CPU
		{51334B51-3DB4-4FCB-95AE-02D19F512D61}.Release|Any CPU.Build.0 = Release|Any CPU
	EndGlobalSection
	GlobalSection(SolutionProperties) = preSolution
		HideSolutionNode = FALSE
	EndGlobalSection
	GlobalSection(ExtensibilityGlobals) = postSolution
		SolutionGuid = {F0DB775F-28E8-4F00-9EDF-4110C9490AF2}
	EndGlobalSection
EndGlobal
